
Microsoft Visual Studio Solution File, Format Version 12.00
# Visual Studio Version 16
VisualStudioVersion = 16.0.29613.14
MinimumVisualStudioVersion = 10.0.40219.1
Project("{FAE04EC0-301F-11D3-BF4B-00C04F79EFBC}") = "myFirstAzureWebApp", "myFirstAzureWebApp\myFirstAzureWebApp.csproj", "{1477B976-3251-4019-97B2-652D9453DAAC}"
EndProject
Global
	GlobalSection(SolutionConfigurationPlatforms) = preSolution
		Debug|Any CPU = Debug|Any CPU
		Release|Any CPU = Release|Any CPU
	EndGlobalSection
	GlobalSection(ProjectConfigurationPlatforms) = postSolution
		{1477B976-3251-4019-97B2-652D9453DAAC}.Debug|Any CPU.ActiveCfg = Debug|Any CPU
		{1477B976-3251-4019-97B2-652D9453DAAC}.Debug|Any CPU.Build.0 = Debug|Any CPU
		{1477B976-3251-4019-97B2-652D9453DAAC}.Release|Any CPU.ActiveCfg = Release|Any CPU
		{1477B976-3251-4019-97B2-652D9453DAAC}.Release|Any CPU.Build.0 = Release|Any CPU
	EndGlobalSection
	GlobalSection(SolutionProperties) = preSolution
		HideSolutionNode = FALSE
	EndGlobalSection
	GlobalSection(ExtensibilityGlobals) = postSolution
		SolutionGuid = {D0C265FE-8145-429D-89B6-4FB1FD13FAF7}
	EndGlobalSection
EndGlobal
